PODS:
  - appcenter-analytics (4.2.0):
    - AppCenter/Analytics (~> 4.0)
    - AppCenterReactNativeShared (~> 4.0)
    - React-Core
  - appcenter-core (4.2.0):
    - AppCenterReactNativeShared (~> 4.0)
    - React-Core
  - appcenter-crashes (4.2.0):
    - AppCenter/Crashes (~> 4.0)
    - AppCenterReactNativeShared (~> 4.0)
    - React-Core
  - AppCenter/Analytics (4.1.1):
    - AppCenter/Core
  - AppCenter/Core (4.1.1)
  - AppCenter/Crashes (4.1.1):
    - AppCenter/Core
  - AppCenterReactNativeShared (4.1.0):
    - AppCenter/Core (= 4.1.1)
  - boost-for-react-native (1.63.0)
  - DoubleConversion (1.1.6)
  - FBLazyVector (0.65.0)
  - FBReactNativeSpec (0.65.0):
    - RCT-Folly (= 2021.04.26.00)
    - RCTRequired (= 0.65.0)
    - RCTTypeSafety (= 0.65.0)
    - React-Core (= 0.65.0)
    - React-jsi (= 0.65.0)
    - ReactCommon/turbomodule/core (= 0.65.0)
  - fmt (6.2.1)
  - glog (0.3.5)
  - Permission-Camera (2.2.2):
    - RNPermissions
  - Permission-Contacts (2.2.2):
    - RNPermissions
  - Permission-Microphone (2.2.2):
    - RNPermissions
  - Permission-Notifications (2.2.2):
    - RNPermissions
  - Permission-PhotoLibrary (2.2.2):
    - RNPermissions
  - RCT-Folly (2021.04.26.00):
    - boost-for-react-native
    - DoubleConversion
    - fmt (~> 6.2.1)
    - glog
    - RCT-Folly/Default (= 2021.04.26.00)
  - RCT-Folly/Default (2021.04.26.00):
    - boost-for-react-native
    - DoubleConversion
    - fmt (~> 6.2.1)
    - glog
  - RCTRequired (0.65.0)
  - RCTTypeSafety (0.65.0):
    - FBLazyVector (= 0.65.0)
    - RCT-Folly (= 2021.04.26.00)
    - RCTRequired (= 0.65.0)
    - React-Core (= 0.65.0)
  - React (0.65.0):
    - React-Core (= 0.65.0)
    - React-Core/DevSupport (= 0.65.0)
    - React-Core/RCTWebSocket (= 0.65.0)
    - React-RCTActionSheet (= 0.65.0)
    - React-RCTAnimation (= 0.65.0)
    - React-RCTBlob (= 0.65.0)
    - React-RCTImage (= 0.65.0)
    - React-RCTLinking (= 0.65.0)
    - React-RCTNetwork (= 0.65.0)
    - React-RCTSettings (= 0.65.0)
    - React-RCTText (= 0.65.0)
    - React-RCTVibration (= 0.65.0)
  - React-callinvoker (0.65.0)
  - React-Core (0.65.0):
    - glog
    - RCT-Folly (= 2021.04.26.00)
    - React-Core/Default (= 0.65.0)
    - React-cxxreact (= 0.65.0)
    - React-jsi (= 0.65.0)
    - React-jsiexecutor (= 0.65.0)
    - React-perflogger (= 0.65.0)
    - Yoga
  - React-Core/CoreModulesHeaders (0.65.0):
    - glog
    - RCT-Folly (= 2021.04.26.00)
    - React-Core/Default
    - React-cxxreact (= 0.65.0)
    - React-jsi (= 0.65.0)
    - React-jsiexecutor (= 0.65.0)
    - React-perflogger (= 0.65.0)
    - Yoga
  - React-Core/Default (0.65.0):
    - glog
    - RCT-Folly (= 2021.04.26.00)
    - React-cxxreact (= 0.65.0)
    - React-jsi (= 0.65.0)
    - React-jsiexecutor (= 0.65.0)
    - React-perflogger (= 0.65.0)
    - Yoga
  - React-Core/DevSupport (0.65.0):
    - glog
    - RCT-Folly (= 2021.04.26.00)
    - React-Core/Default (= 0.65.0)
    - React-Core/RCTWebSocket (= 0.65.0)
    - React-cxxreact (= 0.65.0)
    - React-jsi (= 0.65.0)
    - React-jsiexecutor (= 0.65.0)
    - React-jsinspector (= 0.65.0)
    - React-perflogger (= 0.65.0)
    - Yoga
  - React-Core/RCTActionSheetHeaders (0.65.0):
    - glog
    - RCT-Folly (= 2021.04.26.00)
    - React-Core/Default
    - React-cxxreact (= 0.65.0)
    - React-jsi (= 0.65.0)
    - React-jsiexecutor (= 0.65.0)
    - React-perflogger (= 0.65.0)
    - Yoga
  - React-Core/RCTAnimationHeaders (0.65.0):
    - glog
    - RCT-Folly (= 2021.04.26.00)
    - React-Core/Default
    - React-cxxreact (= 0.65.0)
    - React-jsi (= 0.65.0)
    - React-jsiexecutor (= 0.65.0)
    - React-perflogger (= 0.65.0)
    - Yoga
  - React-Core/RCTBlobHeaders (0.65.0):
    - glog
    - RCT-Folly (= 2021.04.26.00)
    - React-Core/Default
    - React-cxxreact (= 0.65.0)
    - React-jsi (= 0.65.0)
    - React-jsiexecutor (= 0.65.0)
    - React-perflogger (= 0.65.0)
    - Yoga
  - React-Core/RCTImageHeaders (0.65.0):
    - glog
    - RCT-Folly (= 2021.04.26.00)
    - React-Core/Default
    - React-cxxreact (= 0.65.0)
    - React-jsi (= 0.65.0)
    - React-jsiexecutor (= 0.65.0)
    - React-perflogger (= 0.65.0)
    - Yoga
  - React-Core/RCTLinkingHeaders (0.65.0):
    - glog
    - RCT-Folly (= 2021.04.26.00)
    - React-Core/Default
    - React-cxxreact (= 0.65.0)
    - React-jsi (= 0.65.0)
    - React-jsiexecutor (= 0.65.0)
    - React-perflogger (= 0.65.0)
    - Yoga
  - React-Core/RCTNetworkHeaders (0.65.0):
    - glog
    - RCT-Folly (= 2021.04.26.00)
    - React-Core/Default
    - React-cxxreact (= 0.65.0)
    - React-jsi (= 0.65.0)
    - React-jsiexecutor (= 0.65.0)
    - React-perflogger (= 0.65.0)
    - Yoga
  - React-Core/RCTSettingsHeaders (0.65.0):
    - glog
    - RCT-Folly (= 2021.04.26.00)
    - React-Core/Default
    - React-cxxreact (= 0.65.0)
    - React-jsi (= 0.65.0)
    - React-jsiexecutor (= 0.65.0)
    - React-perflogger (= 0.65.0)
    - Yoga
  - React-Core/RCTTextHeaders (0.65.0):
    - glog
    - RCT-Folly (= 2021.04.26.00)
    - React-Core/Default
    - React-cxxreact (= 0.65.0)
    - React-jsi (= 0.65.0)
    - React-jsiexecutor (= 0.65.0)
    - React-perflogger (= 0.65.0)
    - Yoga
  - React-Core/RCTVibrationHeaders (0.65.0):
    - glog
    - RCT-Folly (= 2021.04.26.00)
    - React-Core/Default
    - React-cxxreact (= 0.65.0)
    - React-jsi (= 0.65.0)
    - React-jsiexecutor (= 0.65.0)
    - React-perflogger (= 0.65.0)
    - Yoga
  - React-Core/RCTWebSocket (0.65.0):
    - glog
    - RCT-Folly (= 2021.04.26.00)
    - React-Core/Default (= 0.65.0)
    - React-cxxreact (= 0.65.0)
    - React-jsi (= 0.65.0)
    - React-jsiexecutor (= 0.65.0)
    - React-perflogger (= 0.65.0)
    - Yoga
  - React-CoreModules (0.65.0):
    - FBReactNativeSpec (= 0.65.0)
    - RCT-Folly (= 2021.04.26.00)
    - RCTTypeSafety (= 0.65.0)
    - React-Core/CoreModulesHeaders (= 0.65.0)
    - React-jsi (= 0.65.0)
    - React-RCTImage (= 0.65.0)
    - ReactCommon/turbomodule/core (= 0.65.0)
  - React-cxxreact (0.65.0):
    - boost-for-react-native (= 1.63.0)
    - DoubleConversion
    - glog
    - RCT-Folly (= 2021.04.26.00)
    - React-callinvoker (= 0.65.0)
    - React-jsi (= 0.65.0)
    - React-jsinspector (= 0.65.0)
    - React-perflogger (= 0.65.0)
    - React-runtimeexecutor (= 0.65.0)
  - React-jsi (0.65.0):
    - boost-for-react-native (= 1.63.0)
    - DoubleConversion
    - glog
    - RCT-Folly (= 2021.04.26.00)
    - React-jsi/Default (= 0.65.0)
  - React-jsi/Default (0.65.0):
    - boost-for-react-native (= 1.63.0)
    - DoubleConversion
    - glog
    - RCT-Folly (= 2021.04.26.00)
  - React-jsiexecutor (0.65.0):
    - DoubleConversion
    - glog
    - RCT-Folly (= 2021.04.26.00)
    - React-cxxreact (= 0.65.0)
    - React-jsi (= 0.65.0)
    - React-perflogger (= 0.65.0)
  - React-jsinspector (0.65.0)
  - react-native-image-picker (4.1.2):
    - React-Core
  - react-native-rainbow-module (0.3.1):
    - React
  - react-native-safe-area-context (3.3.2):
    - React-Core
  - React-perflogger (0.65.0)
  - React-RCTActionSheet (0.65.0):
    - React-Core/RCTActionSheetHeaders (= 0.65.0)
  - React-RCTAnimation (0.65.0):
    - FBReactNativeSpec (= 0.65.0)
    - RCT-Folly (= 2021.04.26.00)
    - RCTTypeSafety (= 0.65.0)
    - React-Core/RCTAnimationHeaders (= 0.65.0)
    - React-jsi (= 0.65.0)
    - ReactCommon/turbomodule/core (= 0.65.0)
  - React-RCTBlob (0.65.0):
    - FBReactNativeSpec (= 0.65.0)
    - RCT-Folly (= 2021.04.26.00)
    - React-Core/RCTBlobHeaders (= 0.65.0)
    - React-Core/RCTWebSocket (= 0.65.0)
    - React-jsi (= 0.65.0)
    - React-RCTNetwork (= 0.65.0)
    - ReactCommon/turbomodule/core (= 0.65.0)
  - React-RCTImage (0.65.0):
    - FBReactNativeSpec (= 0.65.0)
    - RCT-Folly (= 2021.04.26.00)
    - RCTTypeSafety (= 0.65.0)
    - React-Core/RCTImageHeaders (= 0.65.0)
    - React-jsi (= 0.65.0)
    - React-RCTNetwork (= 0.65.0)
    - ReactCommon/turbomodule/core (= 0.65.0)
  - React-RCTLinking (0.65.0):
    - FBReactNativeSpec (= 0.65.0)
    - React-Core/RCTLinkingHeaders (= 0.65.0)
    - React-jsi (= 0.65.0)
    - ReactCommon/turbomodule/core (= 0.65.0)
  - React-RCTNetwork (0.65.0):
    - FBReactNativeSpec (= 0.65.0)
    - RCT-Folly (= 2021.04.26.00)
    - RCTTypeSafety (= 0.65.0)
    - React-Core/RCTNetworkHeaders (= 0.65.0)
    - React-jsi (= 0.65.0)
    - ReactCommon/turbomodule/core (= 0.65.0)
  - React-RCTSettings (0.65.0):
    - FBReactNativeSpec (= 0.65.0)
    - RCT-Folly (= 2021.04.26.00)
    - RCTTypeSafety (= 0.65.0)
    - React-Core/RCTSettingsHeaders (= 0.65.0)
    - React-jsi (= 0.65.0)
    - ReactCommon/turbomodule/core (= 0.65.0)
  - React-RCTText (0.65.0):
    - React-Core/RCTTextHeaders (= 0.65.0)
  - React-RCTVibration (0.65.0):
    - FBReactNativeSpec (= 0.65.0)
    - RCT-Folly (= 2021.04.26.00)
    - React-Core/RCTVibrationHeaders (= 0.65.0)
    - React-jsi (= 0.65.0)
    - ReactCommon/turbomodule/core (= 0.65.0)
  - React-runtimeexecutor (0.65.0):
    - React-jsi (= 0.65.0)
  - ReactCommon/turbomodule/core (0.65.0):
    - DoubleConversion
    - glog
    - RCT-Folly (= 2021.04.26.00)
    - React-callinvoker (= 0.65.0)
    - React-Core (= 0.65.0)
    - React-cxxreact (= 0.65.0)
    - React-jsi (= 0.65.0)
    - React-perflogger (= 0.65.0)
  - ReactNativeLocalization (2.1.7):
    - React-Core
  - RNCAsyncStorage (1.15.9):
    - React-Core
  - RNCMaskedView (0.1.11):
    - React
  - RNCPicker (1.16.8):
    - React-Core
  - RNGestureHandler (1.10.3):
    - React-Core
  - RNKeychain (6.2.0):
    - React
  - RNPermissions (2.2.2):
    - React-Core
  - RNReanimated (1.13.3):
    - React-Core
  - RNScreens (2.18.1):
    - React-Core
  - RNVectorIcons (7.1.0):
    - React
  - Yoga (1.14.0)

DEPENDENCIES:
  - appcenter-analytics (from `../node_modules/appcenter-analytics/ios`)
  - appcenter-core (from `../node_modules/appcenter/ios`)
  - appcenter-crashes (from `../node_modules/appcenter-crashes/ios`)
  - DoubleConversion (from `../node_modules/react-native/third-party-podspecs/DoubleConversion.podspec`)
  - FBLazyVector (from `../node_modules/react-native/Libraries/FBLazyVector`)
  - FBReactNativeSpec (from `../node_modules/react-native/React/FBReactNativeSpec`)
  - glog (from `../node_modules/react-native/third-party-podspecs/glog.podspec`)
  - Permission-Camera (from `../node_modules/react-native-permissions/ios/Camera.podspec`)
  - Permission-Contacts (from `../node_modules/react-native-permissions/ios/Contacts.podspec`)
  - Permission-Microphone (from `../node_modules/react-native-permissions/ios/Microphone.podspec`)
  - Permission-Notifications (from `../node_modules/react-native-permissions/ios/Notifications.podspec`)
  - Permission-PhotoLibrary (from `../node_modules/react-native-permissions/ios/PhotoLibrary.podspec`)
  - RCT-Folly (from `../node_modules/react-native/third-party-podspecs/RCT-Folly.podspec`)
  - RCTRequired (from `../node_modules/react-native/Libraries/RCTRequired`)
  - RCTTypeSafety (from `../node_modules/react-native/Libraries/TypeSafety`)
  - React (from `../node_modules/react-native/`)
  - React-callinvoker (from `../node_modules/react-native/ReactCommon/callinvoker`)
  - React-Core (from `../node_modules/react-native/`)
  - React-Core/DevSupport (from `../node_modules/react-native/`)
  - React-Core/RCTWebSocket (from `../node_modules/react-native/`)
  - React-CoreModules (from `../node_modules/react-native/React/CoreModules`)
  - React-cxxreact (from `../node_modules/react-native/ReactCommon/cxxreact`)
  - React-jsi (from `../node_modules/react-native/ReactCommon/jsi`)
  - React-jsiexecutor (from `../node_modules/react-native/ReactCommon/jsiexecutor`)
  - React-jsinspector (from `../node_modules/react-native/ReactCommon/jsinspector`)
  - react-native-image-picker (from `../node_modules/react-native-image-picker`)
  - react-native-rainbow-module (from `../node_modules/react-native-rainbow-module`)
  - react-native-safe-area-context (from `../node_modules/react-native-safe-area-context`)
  - React-perflogger (from `../node_modules/react-native/ReactCommon/reactperflogger`)
  - React-RCTActionSheet (from `../node_modules/react-native/Libraries/ActionSheetIOS`)
  - React-RCTAnimation (from `../node_modules/react-native/Libraries/NativeAnimation`)
  - React-RCTBlob (from `../node_modules/react-native/Libraries/Blob`)
  - React-RCTImage (from `../node_modules/react-native/Libraries/Image`)
  - React-RCTLinking (from `../node_modules/react-native/Libraries/LinkingIOS`)
  - React-RCTNetwork (from `../node_modules/react-native/Libraries/Network`)
  - React-RCTSettings (from `../node_modules/react-native/Libraries/Settings`)
  - React-RCTText (from `../node_modules/react-native/Libraries/Text`)
  - React-RCTVibration (from `../node_modules/react-native/Libraries/Vibration`)
  - React-runtimeexecutor (from `../node_modules/react-native/ReactCommon/runtimeexecutor`)
  - ReactCommon/turbomodule/core (from `../node_modules/react-native/ReactCommon`)
  - ReactNativeLocalization (from `../node_modules/react-native-localization`)
  - "RNCAsyncStorage (from `../node_modules/@react-native-async-storage/async-storage`)"
  - "RNCMaskedView (from `../node_modules/@react-native-community/masked-view`)"
  - "RNCPicker (from `../node_modules/@react-native-picker/picker`)"
  - RNGestureHandler (from `../node_modules/react-native-gesture-handler`)
  - RNKeychain (from `../node_modules/react-native-keychain`)
  - RNPermissions (from `../node_modules/react-native-permissions`)
  - RNReanimated (from `../node_modules/react-native-reanimated`)
  - RNScreens (from `../node_modules/react-native-screens`)
  - RNVectorIcons (from `../node_modules/react-native-vector-icons`)
  - Yoga (from `../node_modules/react-native/ReactCommon/yoga`)

SPEC REPOS:
  trunk:
    - AppCenter
    - AppCenterReactNativeShared
    - boost-for-react-native
    - fmt

EXTERNAL SOURCES:
  appcenter-analytics:
    :path: "../node_modules/appcenter-analytics/ios"
  appcenter-core:
    :path: "../node_modules/appcenter/ios"
  appcenter-crashes:
    :path: "../node_modules/appcenter-crashes/ios"
  DoubleConversion:
    :podspec: "../node_modules/react-native/third-party-podspecs/DoubleConversion.podspec"
  FBLazyVector:
    :path: "../node_modules/react-native/Libraries/FBLazyVector"
  FBReactNativeSpec:
    :path: "../node_modules/react-native/React/FBReactNativeSpec"
  glog:
    :podspec: "../node_modules/react-native/third-party-podspecs/glog.podspec"
  Permission-Camera:
    :path: "../node_modules/react-native-permissions/ios/Camera.podspec"
  Permission-Contacts:
    :path: "../node_modules/react-native-permissions/ios/Contacts.podspec"
  Permission-Microphone:
    :path: "../node_modules/react-native-permissions/ios/Microphone.podspec"
  Permission-Notifications:
    :path: "../node_modules/react-native-permissions/ios/Notifications.podspec"
  Permission-PhotoLibrary:
    :path: "../node_modules/react-native-permissions/ios/PhotoLibrary.podspec"
  RCT-Folly:
    :podspec: "../node_modules/react-native/third-party-podspecs/RCT-Folly.podspec"
  RCTRequired:
    :path: "../node_modules/react-native/Libraries/RCTRequired"
  RCTTypeSafety:
    :path: "../node_modules/react-native/Libraries/TypeSafety"
  React:
    :path: "../node_modules/react-native/"
  React-callinvoker:
    :path: "../node_modules/react-native/ReactCommon/callinvoker"
  React-Core:
    :path: "../node_modules/react-native/"
  React-CoreModules:
    :path: "../node_modules/react-native/React/CoreModules"
  React-cxxreact:
    :path: "../node_modules/react-native/ReactCommon/cxxreact"
  React-jsi:
    :path: "../node_modules/react-native/ReactCommon/jsi"
  React-jsiexecutor:
    :path: "../node_modules/react-native/ReactCommon/jsiexecutor"
  React-jsinspector:
    :path: "../node_modules/react-native/ReactCommon/jsinspector"
  react-native-image-picker:
    :path: "../node_modules/react-native-image-picker"
  react-native-rainbow-module:
    :path: "../node_modules/react-native-rainbow-module"
  react-native-safe-area-context:
    :path: "../node_modules/react-native-safe-area-context"
  React-perflogger:
    :path: "../node_modules/react-native/ReactCommon/reactperflogger"
  React-RCTActionSheet:
    :path: "../node_modules/react-native/Libraries/ActionSheetIOS"
  React-RCTAnimation:
    :path: "../node_modules/react-native/Libraries/NativeAnimation"
  React-RCTBlob:
    :path: "../node_modules/react-native/Libraries/Blob"
  React-RCTImage:
    :path: "../node_modules/react-native/Libraries/Image"
  React-RCTLinking:
    :path: "../node_modules/react-native/Libraries/LinkingIOS"
  React-RCTNetwork:
    :path: "../node_modules/react-native/Libraries/Network"
  React-RCTSettings:
    :path: "../node_modules/react-native/Libraries/Settings"
  React-RCTText:
    :path: "../node_modules/react-native/Libraries/Text"
  React-RCTVibration:
    :path: "../node_modules/react-native/Libraries/Vibration"
  React-runtimeexecutor:
    :path: "../node_modules/react-native/ReactCommon/runtimeexecutor"
  ReactCommon:
    :path: "../node_modules/react-native/ReactCommon"
  ReactNativeLocalization:
    :path: "../node_modules/react-native-localization"
  RNCAsyncStorage:
    :path: "../node_modules/@react-native-async-storage/async-storage"
  RNCMaskedView:
    :path: "../node_modules/@react-native-community/masked-view"
  RNCPicker:
    :path: "../node_modules/@react-native-picker/picker"
  RNGestureHandler:
    :path: "../node_modules/react-native-gesture-handler"
  RNKeychain:
    :path: "../node_modules/react-native-keychain"
  RNPermissions:
    :path: "../node_modules/react-native-permissions"
  RNReanimated:
    :path: "../node_modules/react-native-reanimated"
  RNScreens:
    :path: "../node_modules/react-native-screens"
  RNVectorIcons:
    :path: "../node_modules/react-native-vector-icons"
  Yoga:
    :path: "../node_modules/react-native/ReactCommon/yoga"

SPEC CHECKSUMS:
  AppCenter: cd53e3ed3563cc720bcb806c9731a12389b40d44
  appcenter-analytics: e34c776aa7145d0f3834c3bba2e003800d1572fe
  appcenter-core: 1d3ae87d4f9280db4522fe8c25d3f7c9ab8e415f
  appcenter-crashes: dcfc443bd9fe7094e4fe49b15fabe68389a80c70
  AppCenterReactNativeShared: 2d5a53b6cbd2fe7f63f0033e9f0a40757a4eacf5
  boost-for-react-native: 39c7adb57c4e60d6c5479dd8623128eb5b3f0f2c
  DoubleConversion: 5805e889d232975c086db112ece9ed034df7a0b2
  FBLazyVector: 55f5afbbb8f5021a000c3d9289820d17cbc541b3
  FBReactNativeSpec: c2d85d69490fc5666bc4123dff3b9b72db06a987
  fmt: ff9d55029c625d3757ed641535fd4a75fedc7ce9
  glog: 1f3da668190260b06b429bb211bfbee5cd790c28
  Permission-Camera: 5d2aaf95592660b6dcb5e8d1d90ed5d0156cad02
  Permission-Contacts: 295b2f26e7607801e73b0fd35a56ec63cfd52dc4
  Permission-Microphone: a0e56790d61392c31627df33328fef079ad46fa8
  Permission-Notifications: 9c6b5cc4f0e6599e9fc3395b77cebddc48f1be41
  Permission-PhotoLibrary: 8227a6ed9f6a971537afe63742d54f5f23a38fe2
  RCT-Folly: 0dd9e1eb86348ecab5ba76f910b56f4b5fef3c46
  RCTRequired: 564b40c9e3d5f4d766333577782408770a61dae9
  RCTTypeSafety: d5c4035b39ffc8b86c56577457888ea70044cdc6
  React: 743892a7daf1f5d3e1eaa6f0a31dd39d0302dc70
  React-callinvoker: 25fe3c8d05d5b7deaaf0cedde4f683002da3b731
  React-Core: f1bcd788883f37752437e9568ad9b0f257cb7f10
  React-CoreModules: bd62bfb939055c37195cada907c9e6df3ddbe52a
  React-cxxreact: 6d8ac3b0f853f0d5e5de80f5784ddc144a9da23f
  React-jsi: 875bcbe2037c9cae07fbda7dd5827fbca06cbdc6
  React-jsiexecutor: 11ec08ad247abb44113ccb3d2b66f7e856d1cdf4
  React-jsinspector: 2aa5dc1b9a02a81c0dcc70c00f2cbe1cd4b875c4
  react-native-image-picker: 9c8a2687b69300ad9e95cec5d38f35ab9d32467d
  react-native-rainbow-module: 1682f7a384fead7140fad8bfffd797c4fbae469d
  react-native-safe-area-context: 584dc04881deb49474363f3be89e4ca0e854c057
  React-perflogger: 494c61caaf9b7da0a0a612fa4ed570ab7ab5819b
  React-RCTActionSheet: 0ea18583618e2451889be1ce1f658ae8cb436b2e
  React-RCTAnimation: 487a44abe7f082afa2997add929765b9c81d4abc
  React-RCTBlob: 8c9a87d13fd9c0f5d25fb016c1f951f705a1aabe
  React-RCTImage: 3c1ac8efb48dd024348827532207fd18f27b4608
  React-RCTLinking: 7114aff83c2e580706c98fe9c7e520c0d72145ea
  React-RCTNetwork: 8e9177062891464e6f088c0c049afae9da997aad
  React-RCTSettings: 72a6b5009677ea953b1a8064a9aed260dc920d31
  React-RCTText: ed7b3a058180d5d8fff193478158b5e6bb680c3a
  React-RCTVibration: ca17687ea259e8b6bbd4ad74f1f6ec87bff845d8
  React-runtimeexecutor: a9a1ac6a60389c3c588fd9b9158a30ed4d8d28a4
  ReactCommon: c11b11a5dc8187826144b7b3d72125c77a1b7b1a
  ReactNativeLocalization: 90a1181b7672309701dd7e5364fbf587319d41c6
  RNCAsyncStorage: 26f25150da507524a7815f2ada06ca0967f65633
  RNCMaskedView: 0e1bc4bfa8365eba5fbbb71e07fbdc0555249489
  RNCPicker: 0991c56da7815c0cf946d6f63cf920b25296e5f6
  RNGestureHandler: a479ebd5ed4221a810967000735517df0d2db211
  RNKeychain: b8e0711b959a19c5b057d1e970d3c83d159b6da5
  RNPermissions: 5df468064df661a4c8c017e2791ce90d7695eea5
  RNReanimated: 514a11da3a2bcc6c3dfd9de32b38e2b9bf101926
  RNScreens: f7ad633b2e0190b77b6a7aab7f914fad6f198d8d
  RNVectorIcons: bc69e6a278b14842063605de32bec61f0b251a59
  Yoga: 1561f557b0c2b6047a91f7619f666134e2288916

PODFILE CHECKSUM: ba90327593eea2ee0e8ae3d6e88d04cd538496fb

COCOAPODS: 1.11.2
